
Microsoft Visual Studio Solution File, Format Version 12.00
# Visual Studio Version 17
VisualStudioVersion = 17.5.33424.131
MinimumVisualStudioVersion = 10.0.40219.1
Project("{FAE04EC0-301F-11D3-BF4B-00C04F79EFBC}") = "SEDc.Homework3", "SEDc.Homework3\SEDc.Homework3.csproj", "{FD8F8C9F-4DEE-4822-AFE9-2C876EF9C000}"
EndProject
Project("{FAE04EC0-301F-11D3-BF4B-00C04F79EFBC}") = "SEDc.Homework3.Domain", "SEDc.Homework3.Domain\SEDc.Homework3.Domain.csproj", "{22D2C64C-DEF4-401B-8E3B-6733B5D0E47D}"
EndProject
Global
	GlobalSection(SolutionConfigurationPlatforms) = preSolution
		Debug|Any CPU = Debug|Any CPU
		Release|Any CPU = Release|Any CPU
	EndGlobalSection
	GlobalSection(ProjectConfigurationPlatforms) = postSolution
		{FD8F8C9F-4DEE-4822-AFE9-2C876EF9C000}.Debug|Any CPU.ActiveCfg = Debug|Any CPU
		{FD8F8C9F-4DEE-4822-AFE9-2C876EF9C000}.Debug|Any CPU.Build.0 = Debug|Any CPU
		{FD8F8C9F-4DEE-4822-AFE9-2C876EF9C000}.Release|Any CPU.ActiveCfg = Release|Any CPU
		{FD8F8C9F-4DEE-4822-AFE9-2C876EF9C000}.Release|Any CPU.Build.0 = Release|Any CPU
		{22D2C64C-DEF4-401B-8E3B-6733B5D0E47D}.Debug|Any CPU.ActiveCfg = Debug|Any CPU
		{22D2C64C-DEF4-401B-8E3B-6733B5D0E47D}.Debug|Any CPU.Build.0 = Debug|Any CPU
		{22D2C64C-DEF4-401B-8E3B-6733B5D0E47D}.Release|Any CPU.ActiveCfg = Release|Any CPU
		{22D2C64C-DEF4-401B-8E3B-6733B5D0E47D}.Release|Any CPU.Build.0 = Release|Any CPU
	EndGlobalSection
	GlobalSection(SolutionProperties) = preSolution
		HideSolutionNode = FALSE
	EndGlobalSection
	GlobalSection(ExtensibilityGlobals) = postSolution
		SolutionGuid = {EEB20B10-3024-4674-995B-D875E371E914}
	EndGlobalSection
EndGlobal
